// !$*UTF8*$!
{
	archiveVersion = 1;
	classes = {
	};
	objectVersion = 55;
	objects = {

/* Begin PBXBuildFile section */
		E21FEB1327D4540F000D9631 /* AnimationsApp.swift in Sources */ = {isa = PBXBuildFile; fileRef = E21FEB1227D4540F000D9631 /* AnimationsApp.swift */; };
		E21FEB1527D4540F000D9631 /* ImplicitAnimation.swift in Sources */ = {isa = PBXBuildFile; fileRef = E21FEB1427D4540F000D9631 /* ImplicitAnimation.swift */; };
		E21FEB1727D45414000D9631 /* Assets.xcassets in Resources */ = {isa = PBXBuildFile; fileRef = E21FEB1627D45414000D9631 /* Assets.xcassets */; };
		E21FEB1A27D45414000D9631 /* Preview Assets.xcassets in Resources */ = {isa = PBXBuildFile; fileRef = E21FEB1927D45414000D9631 /* Preview Assets.xcassets */; };
		E21FEB2127D4660B000D9631 /* CustomizingAnimations.swift in Sources */ = {isa = PBXBuildFile; fileRef = E21FEB2027D4660B000D9631 /* CustomizingAnimations.swift */; };
		E21FEB2327D46977000D9631 /* AnimatingBindings.swift in Sources */ = {isa = PBXBuildFile; fileRef = E21FEB2227D46977000D9631 /* AnimatingBindings.swift */; };
		E21FEB2527D46AC2000D9631 /* ExplicitAnimations.swift in Sources */ = {isa = PBXBuildFile; fileRef = E21FEB2427D46AC2000D9631 /* ExplicitAnimations.swift */; };
		E21FEB2727D46D32000D9631 /* ControllingAnimationStack.swift in Sources */ = {isa = PBXBuildFile; fileRef = E21FEB2627D46D32000D9631 /* ControllingAnimationStack.swift */; };
		E21FEB2927D59D33000D9631 /* AnimationGestures.swift in Sources */ = {isa = PBXBuildFile; fileRef = E21FEB2827D59D33000D9631 /* AnimationGestures.swift */; };
		E21FEB2B27D5A6A5000D9631 /* ShowingAndHidingViews.swift in Sources */ = {isa = PBXBuildFile; fileRef = E21FEB2A27D5A6A5000D9631 /* ShowingAndHidingViews.swift */; };
		E21FEB2D27D5A838000D9631 /* BuildingCustomTransitions.swift in Sources */ = {isa = PBXBuildFile; fileRef = E21FEB2C27D5A838000D9631 /* BuildingCustomTransitions.swift */; };
/* End PBXBuildFile section */

/* Begin PBXFileReference section */
		E21FEB0F27D4540F000D9631 /* Animations.app */ = {isa = PBXFileReference; explicitFileType = wrapper.application; includeInIndex = 0; path = Animations.app; sourceTree = BUILT_PRODUCTS_DIR; };
		E21FEB1227D4540F000D9631 /* AnimationsApp.swift */ = {isa = PBXFileReference; lastKnownFileType = sourcecode.swift; path = AnimationsApp.swift; sourceTree = "<group>"; };
		E21FEB1427D4540F000D9631 /* ImplicitAnimation.swift */ = {isa = PBXFileReference; lastKnownFileType = sourcecode.swift; path = ImplicitAnimation.swift; sourceTree = "<group>"; };
		E21FEB1627D45414000D9631 /* Assets.xcassets */ = {isa = PBXFileReference; lastKnownFileType = folder.assetcatalog; path = Assets.xcassets; sourceTree = "<group>"; };
		E21FEB1927D45414000D9631 /* Preview Assets.xcassets */ = {isa = PBXFileReference; lastKnownFileType = folder.assetcatalog; path = "Preview Assets.xcassets"; sourceTree = "<group>"; };
		E21FEB2027D4660B000D9631 /* CustomizingAnimations.swift */ = {isa = PBXFileReference; lastKnownFileType = sourcecode.swift; path = CustomizingAnimations.swift; sourceTree = "<group>"; };
		E21FEB2227D46977000D9631 /* AnimatingBindings.swift */ = {isa = PBXFileReference; lastKnownFileType = sourcecode.swift; path = AnimatingBindings.swift; sourceTree = "<group>"; };
		E21FEB2427D46AC2000D9631 /* ExplicitAnimations.swift */ = {isa = PBXFileReference; lastKnownFileType = sourcecode.swift; path = ExplicitAnimations.swift; sourceTree = "<group>"; };
		E21FEB2627D46D32000D9631 /* ControllingAnimationStack.swift */ = {isa = PBXFileReference; lastKnownFileType = sourcecode.swift; path = ControllingAnimationStack.swift; sourceTree = "<group>"; };
		E21FEB2827D59D33000D9631 /* AnimationGestures.swift */ = {isa = PBXFileReference; lastKnownFileType = sourcecode.swift; path = AnimationGestures.swift; sourceTree = "<group>"; };
		E21FEB2A27D5A6A5000D9631 /* ShowingAndHidingViews.swift */ = {isa = PBXFileReference; lastKnownFileType = sourcecode.swift; path = ShowingAndHidingViews.swift; sourceTree = "<group>"; };
		E21FEB2C27D5A838000D9631 /* BuildingCustomTransitions.swift */ = {isa = PBXFileReference; lastKnownFileType = sourcecode.swift; path = BuildingCustomTransitions.swift; sourceTree = "<group>"; };
/* End PBXFileReference section */

/* Begin PBXFrameworksBuildPhase section */
		E21FEB0C27D4540F000D9631 /* Frameworks */ = {
			isa = PBXFrameworksBuildPhase;
			buildActionMask = 2147483647;
			files = (
			);
			runOnlyForDeploymentPostprocessing = 0;
		};
/* End PBXFrameworksBuildPhase section */

/* Begin PBXGroup section */
		E21FEB0627D4540F000D9631 = {
			isa = PBXGroup;
			children = (
				E21FEB1127D4540F000D9631 /* Animations */,
				E21FEB1027D4540F000D9631 /* Products */,
			);
			sourceTree = "<group>";
		};
		E21FEB1027D4540F000D9631 /* Products */ = {
			isa = PBXGroup;
			children = (
				E21FEB0F27D4540F000D9631 /* Animations.app */,
			);
			name = Products;
			sourceTree = "<group>";
		};
		E21FEB1127D4540F000D9631 /* Animations */ = {
			isa = PBXGroup;
			children = (
				E21FEB1227D4540F000D9631 /* AnimationsApp.swift */,
				E21FEB2C27D5A838000D9631 /* BuildingCustomTransitions.swift */,
				E21FEB2027D4660B000D9631 /* CustomizingAnimations.swift */,
				E21FEB2227D46977000D9631 /* AnimatingBindings.swift */,
				E21FEB2427D46AC2000D9631 /* ExplicitAnimations.swift */,
				E21FEB2627D46D32000D9631 /* ControllingAnimationStack.swift */,
				E21FEB2827D59D33000D9631 /* AnimationGestures.swift */,
				E21FEB2A27D5A6A5000D9631 /* ShowingAndHidingViews.swift */,
				E21FEB1427D4540F000D9631 /* ImplicitAnimation.swift */,
				E21FEB1627D45414000D9631 /* Assets.xcassets */,
				E21FEB1827D45414000D9631 /* Preview Content */,
			);
			path = Animations;
			sourceTree = "<group>";
		};
		E21FEB1827D45414000D9631 /* Preview Content */ = {
			isa = PBXGroup;
			children = (
				E21FEB1927D45414000D9631 /* Preview Assets.xcassets */,
			);
			path = "Preview Content";
			sourceTree = "<group>";
		};
/* End PBXGroup section */

/* Begin PBXNativeTarget section */
		E21FEB0E27D4540F000D9631 /* Animations */ = {
			isa = PBXNativeTarget;
			buildConfigurationList = E21FEB1D27D45414000D9631 /* Build configuration list for PBXNativeTarget "Animations" */;
			buildPhases = (
				E21FEB0B27D4540F000D9631 /* Sources */,
				E21FEB0C27D4540F000D9631 /* Frameworks */,
				E21FEB0D27D4540F000D9631 /* Resources */,
			);
			buildRules = (
			);
			dependencies = (
			);
			name = Animations;
			productName = Animations;
			productReference = E21FEB0F27D4540F000D9631 /* Animations.app */;
			productType = "com.apple.product-type.application";
		};
/* End PBXNativeTarget section */

/* Begin PBXProject section */
		E21FEB0727D4540F000D9631 /* Project object */ = {
			isa = PBXProject;
			attributes = {
				BuildIndependentTargetsInParallel = 1;
				LastSwiftUpdateCheck = 1320;
				LastUpgradeCheck = 1320;
				TargetAttributes = {
					E21FEB0E27D4540F000D9631 = {
						CreatedOnToolsVersion = 13.2.1;
					};
				};
			};
			buildConfigurationList = E21FEB0A27D4540F000D9631 /* Build configuration list for PBXProject "Animations" */;
			compatibilityVersion = "Xcode 13.0";
			developmentRegion = en;
			hasScannedForEncodings = 0;
			knownRegions = (
				en,
				Base,
			);
			mainGroup = E21FEB0627D4540F000D9631;
			productRefGroup = E21FEB1027D4540F000D9631 /* Products */;
			projectDirPath = "";
			projectRoot = "";
			targets = (
				E21FEB0E27D4540F000D9631 /* Animations */,
			);
		};
/* End PBXProject section */

/* Begin PBXResourcesBuildPhase section */
		E21FEB0D27D4540F000D9631 /* Resources */ = {
			isa = PBXResourcesBuildPhase;
			buildActionMask = 2147483647;
			files = (
				E21FEB1A27D45414000D9631 /* Preview Assets.xcassets in Resources */,
				E21FEB1727D45414000D9631 /* Assets.xcassets in Resources */,
			);
			runOnlyForDeploymentPostprocessing = 0;
		};
/* End PBXResourcesBuildPhase section */

/* Begin PBXSourcesBuildPhase section */
		E21FEB0B27D4540F000D9631 /* Sources */ = {
			isa = PBXSourcesBuildPhase;
			buildActionMask = 2147483647;
			files = (
				E21FEB2327D46977000D9631 /* AnimatingBindings.swift in Sources */,
				E21FEB2D27D5A838000D9631 /* BuildingCustomTransitions.swift in Sources */,
				E21FEB2B27D5A6A5000D9631 /* ShowingAndHidingViews.swift in Sources */,
				E21FEB2127D4660B000D9631 /* CustomizingAnimations.swift in Sources */,
				E21FEB2927D59D33000D9631 /* AnimationGestures.swift in Sources */,
				E21FEB1527D4540F000D9631 /* ImplicitAnimation.swift in Sources */,
				E21FEB2727D46D32000D9631 /* ControllingAnimationStack.swift in Sources */,
				E21FEB1327D4540F000D9631 /* AnimationsApp.swift in Sources */,
				E21FEB2527D46AC2000D9631 /* ExplicitAnimations.swift in Sources */,
			);
			runOnlyForDeploymentPostprocessing = 0;
		};
/* End PBXSourcesBuildPhase section */

/* Begin XCBuildConfiguration section */
		E21FEB1B27D45414000D9631 /* Debug */ = {
			isa = XCBuildConfiguration;
			buildSettings = {
				ALWAYS_SEARCH_USER_PATHS = NO;
				CLANG_ANALYZER_NONNULL = YES;
				CLANG_ANALYZER_NUMBER_OBJECT_CONVERSION = YES_AGGRESSIVE;
				CLANG_CXX_LANGUAGE_STANDARD = "gnu++17";
				CLANG_CXX_LIBRARY = "libc++";
				CLANG_ENABLE_MODULES = YES;
				CLANG_ENABLE_OBJC_ARC = YES;
				CLANG_ENABLE_OBJC_WEAK = YES;
				CLANG_WARN_BLOCK_CAPTURE_AUTORELEASING = YES;
				CLANG_WARN_BOOL_CONVERSION = YES;
				CLANG_WARN_COMMA = YES;
				CLANG_WARN_CONSTANT_CONVERSION = YES;
				CLANG_WARN_DEPRECATED_OBJC_IMPLEMENTATIONS = YES;
				CLANG_WARN_DIRECT_OBJC_ISA_USAGE = YES_ERROR;
				CLANG_WARN_DOCUMENTATION_COMMENTS = YES;
				CLANG_WARN_EMPTY_BODY = YES;
				CLANG_WARN_ENUM_CONVERSION = YES;
				CLANG_WARN_INFINITE_RECURSION = YES;
				CLANG_WARN_INT_CONVERSION = YES;
				CLANG_WARN_NON_LITERAL_NULL_CONVERSION = YES;
				CLANG_WARN_OBJC_IMPLICIT_RETAIN_SELF = YES;
				CLANG_WARN_OBJC_LITERAL_CONVERSION = YES;
				CLANG_WARN_OBJC_ROOT_CLASS = YES_ERROR;
				CLANG_WARN_QUOTED_INCLUDE_IN_FRAMEWORK_HEADER = YES;
				CLANG_WARN_RANGE_LOOP_ANALYSIS = YES;
				CLANG_WARN_STRICT_PROTOTYPES = YES;
				CLANG_WARN_SUSPICIOUS_MOVE = YES;
				CLANG_WARN_UNGUARDED_AVAILABILITY = YES_AGGRESSIVE;
				CLANG_WARN_UNREACHABLE_CODE = YES;
				CLANG_WARN__DUPLICATE_METHOD_MATCH = YES;
				COPY_PHASE_STRIP = NO;
				DEBUG_INFORMATION_FORMAT = dwarf;
				ENABLE_STRICT_OBJC_MSGSEND = YES;
				ENABLE_TESTABILITY = YES;
				GCC_C_LANGUAGE_STANDARD = gnu11;
				GCC_DYNAMIC_NO_PIC = NO;
				GCC_NO_COMMON_BLOCKS = YES;
				GCC_OPTIMIZATION_LEVEL = 0;
				GCC_PREPROCESSOR_DEFINITIONS = (
					"DEBUG=1",
					"$(inherited)",
				);
				GCC_WARN_64_TO_32_BIT_CONVERSION = YES;
				GCC_WARN_ABOUT_RETURN_TYPE = YES_ERROR;
				GCC_WARN_UNDECLARED_SELECTOR = YES;
				GCC_WARN_UNINITIALIZED_AUTOS = YES_AGGRESSIVE;
				GCC_WARN_UNUSED_FUNCTION = YES;
				GCC_WARN_UNUSED_VARIABLE = YES;
				IPHONEOS_DEPLOYMENT_TARGET = 15.2;
				MTL_ENABLE_DEBUG_INFO = INCLUDE_SOURCE;
				MTL_FAST_MATH = YES;
				ONLY_ACTIVE_ARCH = YES;
				SDKROOT = iphoneos;
				SWIFT_ACTIVE_COMPILATION_CONDITIONS = DEBUG;
				SWIFT_OPTIMIZATION_LEVEL = "-Onone";
			};
			name = Debug;
		};
		E21FEB1C27D45414000D9631 /* Release */ = {
			isa = XCBuildConfiguration;
			buildSettings = {
				ALWAYS_SEARCH_USER_PATHS = NO;
				CLANG_ANALYZER_NONNULL = YES;
				CLANG_ANALYZER_NUMBER_OBJECT_CONVERSION = YES_AGGRESSIVE;
				CLANG_CXX_LANGUAGE_STANDARD = "gnu++17";
				CLANG_CXX_LIBRARY = "libc++";
				CLANG_ENABLE_MODULES = YES;
				CLANG_ENABLE_OBJC_ARC = YES;
				CLANG_ENABLE_OBJC_WEAK = YES;
				CLANG_WARN_BLOCK_CAPTURE_AUTORELEASING = YES;
				CLANG_WARN_BOOL_CONVERSION = YES;
				CLANG_WARN_COMMA = YES;
				CLANG_WARN_CONSTANT_CONVERSION = YES;
				CLANG_WARN_DEPRECATED_OBJC_IMPLEMENTATIONS = YES;
				CLANG_WARN_DIRECT_OBJC_ISA_USAGE = YES_ERROR;
				CLANG_WARN_DOCUMENTATION_COMMENTS = YES;
				CLANG_WARN_EMPTY_BODY = YES;
				CLANG_WARN_ENUM_CONVERSION = YES;
				CLANG_WARN_INFINITE_RECURSION = YES;
				CLANG_WARN_INT_CONVERSION = YES;
				CLANG_WARN_NON_LITERAL_NULL_CONVERSION = YES;
				CLANG_WARN_OBJC_IMPLICIT_RETAIN_SELF = YES;
				CLANG_WARN_OBJC_LITERAL_CONVERSION = YES;
				CLANG_WARN_OBJC_ROOT_CLASS = YES_ERROR;
				CLANG_WARN_QUOTED_INCLUDE_IN_FRAMEWORK_HEADER = YES;
				CLANG_WARN_RANGE_LOOP_ANALYSIS = YES;
				CLANG_WARN_STRICT_PROTOTYPES = YES;
				CLANG_WARN_SUSPICIOUS_MOVE = YES;
				CLANG_WARN_UNGUARDED_AVAILABILITY = YES_AGGRESSIVE;
				CLANG_WARN_UNREACHABLE_CODE = YES;
				CLANG_WARN__DUPLICATE_METHOD_MATCH = YES;
				COPY_PHASE_STRIP = NO;
				DEBUG_INFORMATION_FORMAT = "dwarf-with-dsym";
				ENABLE_NS_ASSERTIONS = NO;
				ENABLE_STRICT_OBJC_MSGSEND = YES;
				GCC_C_LANGUAGE_STANDARD = gnu11;
				GCC_NO_COMMON_BLOCKS = YES;
				GCC_WARN_64_TO_32_BIT_CONVERSION = YES;
				GCC_WARN_ABOUT_RETURN_TYPE = YES_ERROR;
				GCC_WARN_UNDECLARED_SELECTOR = YES;
				GCC_WARN_UNINITIALIZED_AUTOS = YES_AGGRESSIVE;
				GCC_WARN_UNUSED_FUNCTION = YES;
				GCC_WARN_UNUSED_VARIABLE = YES;
				IPHONEOS_DEPLOYMENT_TARGET = 15.2;
				MTL_ENABLE_DEBUG_INFO = NO;
				MTL_FAST_MATH = YES;
				SDKROOT = iphoneos;
				SWIFT_COMPILATION_MODE = wholemodule;
				SWIFT_OPTIMIZATION_LEVEL = "-O";
				VALIDATE_PRODUCT = YES;
			};
			name = Release;
		};
		E21FEB1E27D45414000D9631 /* Debug */ = {
			isa = XCBuildConfiguration;
			buildSettings = {
				ASSETCATALOG_COMPILER_APPICON_NAME = AppIcon;
				ASSETCATALOG_COMPILER_GLOBAL_ACCENT_COLOR_NAME = AccentColor;
				CODE_SIGN_STYLE = Automatic;
				CURRENT_PROJECT_VERSION = 1;
				DEVELOPMENT_ASSET_PATHS = "\"Animations/Preview Content\"";
				DEVELOPMENT_TEAM = WJC52U7SSP;
				ENABLE_PREVIEWS = YES;
				GENERATE_INFOPLIST_FILE = YES;
				INFOPLIST_KEY_UIApplicationSceneManifest_Generation = YES;
				INFOPLIST_KEY_UIApplicationSupportsIndirectInputEvents = YES;
				INFOPLIST_KEY_UILaunchScreen_Generation = YES;
				INFOPLIST_KEY_UISupportedInterfaceOrientations_iPad = "UIInterfaceOrientationPortrait UIInterfaceOrientationPortraitUpsideDown UIInterfaceOrientationLandscapeLeft UIInterfaceOrientationLandscapeRight";
				INFOPLIST_KEY_UISupportedInterfaceOrientations_iPhone = "UIInterfaceOrientationPortrait UIInterfaceOrientationLandscapeLeft UIInterfaceOrientationLandscapeRight";
				LD_RUNPATH_SEARCH_PATHS = (
					"$(inherited)",
					"@executable_path/Frameworks",
				);
				MARKETING_VERSION = 1.0;
				PRODUCT_BUNDLE_IDENTIFIER = com.myatthuko.Animations;
				PRODUCT_NAME = "$(TARGET_NAME)";
				SWIFT_EMIT_LOC_STRINGS = YES;
				SWIFT_VERSION = 5.0;
				TARGETED_DEVICE_FAMILY = "1,2";
			};
			name = Debug;
		};
		E21FEB1F27D45414000D9631 /* Release */ = {
			isa = XCBuildConfiguration;
			buildSettings = {
				ASSETCATALOG_COMPILER_APPICON_NAME = AppIcon;
				ASSETCATALOG_COMPILER_GLOBAL_ACCENT_COLOR_NAME = AccentColor;
				CODE_SIGN_STYLE = Automatic;
				CURRENT_PROJECT_VERSION = 1;
				DEVELOPMENT_ASSET_PATHS = "\"Animations/Preview Content\"";
				DEVELOPMENT_TEAM = WJC52U7SSP;
				ENABLE_PREVIEWS = YES;
				GENERATE_INFOPLIST_FILE = YES;
				INFOPLIST_KEY_UIApplicationSceneManifest_Generation = YES;
				INFOPLIST_KEY_UIApplicationSupportsIndirectInputEvents = YES;
				INFOPLIST_KEY_UILaunchScreen_Generation = YES;
				INFOPLIST_KEY_UISupportedInterfaceOrientations_iPad = "UIInterfaceOrientationPortrait UIInterfaceOrientationPortraitUpsideDown UIInterfaceOrientationLandscapeLeft UIInterfaceOrientationLandscapeRight";
				INFOPLIST_KEY_UISupportedInterfaceOrientations_iPhone = "UIInterfaceOrientationPortrait UIInterfaceOrientationLandscapeLeft UIInterfaceOrientationLandscapeRight";
				LD_RUNPATH_SEARCH_PATHS = (
					"$(inherited)",
					"@executable_path/Frameworks",
				);
				MARKETING_VERSION = 1.0;
				PRODUCT_BUNDLE_IDENTIFIER = com.myatthuko.Animations;
				PRODUCT_NAME = "$(TARGET_NAME)";
				SWIFT_EMIT_LOC_STRINGS = YES;
				SWIFT_VERSION = 5.0;
				TARGETED_DEVICE_FAMILY = "1,2";
			};
			name = Release;
		};
/* End XCBuildConfiguration section */

/* Begin XCConfigurationList section */
		E21FEB0A27D4540F000D9631 /* Build configuration list for PBXProject "Animations" */ = {
			isa = XCConfigurationList;
			buildConfigurations = (
				E21FEB1B27D45414000D9631 /* Debug */,
				E21FEB1C27D45414000D9631 /* Release */,
			);
			defaultConfigurationIsVisible = 0;
			defaultConfigurationName = Release;
		};
		E21FEB1D27D45414000D9631 /* Build configuration list for PBXNativeTarget "Animations" */ = {
			isa = XCConfigurationList;
			buildConfigurations = (
				E21FEB1E27D45414000D9631 /* Debug */,
				E21FEB1F27D45414000D9631 /* Release */,
			);
			defaultConfigurationIsVisible = 0;
			defaultConfigurationName = Release;
		};
/* End XCConfigurationList section */
	};
	rootObject = E21FEB0727D4540F000D9631 /* Project object */;
}
